// !$*UTF8*$!
{
	archiveVersion = 1;
	classes = {
	};
	objectVersion = 50;
	objects = {

/* Begin PBXBuildFile section */
		2E0DFAC8A7AADBC1349D3330 /* Pods_TOEX.framework in Frameworks */ = {isa = PBXBuildFile; fileRef = A052DB075C68164081AB6DAC /* Pods_TOEX.framework */; };
		98A7DFF420E5404A00DA691A /* AppDelegate.swift in Sources */ = {isa = PBXBuildFile; fileRef = 98A7DFF320E5404A00DA691A /* AppDelegate.swift */; };
		98A7DFF620E5404A00DA691A /* ViewController.swift in Sources */ = {isa = PBXBuildFile; fileRef = 98A7DFF520E5404A00DA691A /* ViewController.swift */; };
		98A7DFF920E5404A00DA691A /* Main.storyboard in Resources */ = {isa = PBXBuildFile; fileRef = 98A7DFF720E5404A00DA691A /* Main.storyboard */; };
		98A7DFFB20E5404B00DA691A /* Assets.xcassets in Resources */ = {isa = PBXBuildFile; fileRef = 98A7DFFA20E5404B00DA691A /* Assets.xcassets */; };
		98A7DFFE20E5404B00DA691A /* LaunchScreen.storyboard in Resources */ = {isa = PBXBuildFile; fileRef = 98A7DFFC20E5404B00DA691A /* LaunchScreen.storyboard */; };
/* End PBXBuildFile section */

/* Begin PBXFileReference section */
		7B273C9F83D9EE95AF665E3D /* Pods-TOEX.debug.xcconfig */ = {isa = PBXFileReference; includeInIndex = 1; lastKnownFileType = text.xcconfig; name = "Pods-TOEX.debug.xcconfig"; path = "Pods/Target Support Files/Pods-TOEX/Pods-TOEX.debug.xcconfig"; sourceTree = "<group>"; };
		98A7DFF020E5404A00DA691A /* TOEX.app */ = {isa = PBXFileReference; explicitFileType = wrapper.application; includeInIndex = 0; path = TOEX.app; sourceTree = BUILT_PRODUCTS_DIR; };
		98A7DFF320E5404A00DA691A /* AppDelegate.swift */ = {isa = PBXFileReference; lastKnownFileType = sourcecode.swift; path = AppDelegate.swift; sourceTree = "<group>"; };
		98A7DFF520E5404A00DA691A /* ViewController.swift */ = {isa = PBXFileReference; lastKnownFileType = sourcecode.swift; path = ViewController.swift; sourceTree = "<group>"; };
		98A7DFF820E5404A00DA691A /* Base */ = {isa = PBXFileReference; lastKnownFileType = file.storyboard; name = Base; path = Base.lproj/Main.storyboard; sourceTree = "<group>"; };
		98A7DFFA20E5404B00DA691A /* Assets.xcassets */ = {isa = PBXFileReference; lastKnownFileType = folder.assetcatalog; path = Assets.xcassets; sourceTree = "<group>"; };
		98A7DFFD20E5404B00DA691A /* Base */ = {isa = PBXFileReference; lastKnownFileType = file.storyboard; name = Base; path = Base.lproj/LaunchScreen.storyboard; sourceTree = "<group>"; };
		98A7DFFF20E5404B00DA691A /* Info.plist */ = {isa = PBXFileReference; lastKnownFileType = text.plist.xml; path = Info.plist; sourceTree = "<group>"; };
		A052DB075C68164081AB6DAC /* Pods_TOEX.framework */ = {isa = PBXFileReference; explicitFileType = wrapper.framework; includeInIndex = 0; path = Pods_TOEX.framework; sourceTree = BUILT_PRODUCTS_DIR; };
		D59FE2A2687BDBF28EC8E074 /* Pods-TOEX.release.xcconfig */ = {isa = PBXFileReference; includeInIndex = 1; lastKnownFileType = text.xcconfig; name = "Pods-TOEX.release.xcconfig"; path = "Pods/Target Support Files/Pods-TOEX/Pods-TOEX.release.xcconfig"; sourceTree = "<group>"; };
/* End PBXFileReference section */

/* Begin PBXFrameworksBuildPhase section */
		98A7DFED20E5404A00DA691A /* Frameworks */ = {
			isa = PBXFrameworksBuildPhase;
			buildActionMask = 2147483647;
			files = (
				2E0DFAC8A7AADBC1349D3330 /* Pods_TOEX.framework in Frameworks */,
			);
			runOnlyForDeploymentPostprocessing = 0;
		};
/* End PBXFrameworksBuildPhase section */

/* Begin PBXGroup section */
		98A7DFE720E5404A00DA691A = {
			isa = PBXGroup;
			children = (
				98A7DFF220E5404A00DA691A /* TOEX */,
				98A7DFF120E5404A00DA691A /* Products */,
				F86AC56B28CD39AD2A2DF82D /* Pods */,
				A362F32CBFD0A4F5625499AE /* Frameworks */,
			);
			sourceTree = "<group>";
		};
		98A7DFF120E5404A00DA691A /* Products */ = {
			isa = PBXGroup;
			children = (
				98A7DFF020E5404A00DA691A /* TOEX.app */,
			);
			name = Products;
			sourceTree = "<group>";
		};
		98A7DFF220E5404A00DA691A /* TOEX */ = {
			isa = PBXGroup;
			children = (
				98A7DFF320E5404A00DA691A /* AppDelegate.swift */,
				98A7DFF520E5404A00DA691A /* ViewController.swift */,
				98A7DFF720E5404A00DA691A /* Main.storyboard */,
				98A7DFFA20E5404B00DA691A /* Assets.xcassets */,
				98A7DFFC20E5404B00DA691A /* LaunchScreen.storyboard */,
				98A7DFFF20E5404B00DA691A /* Info.plist */,
			);
			path = TOEX;
			sourceTree = "<group>";
		};
		A362F32CBFD0A4F5625499AE /* Frameworks */ = {
			isa = PBXGroup;
			children = (
				A052DB075C68164081AB6DAC /* Pods_TOEX.framework */,
			);
			name = Frameworks;
			sourceTree = "<group>";
		};
		F86AC56B28CD39AD2A2DF82D /* Pods */ = {
			isa = PBXGroup;
			children = (
				7B273C9F83D9EE95AF665E3D /* Pods-TOEX.debug.xcconfig */,
				D59FE2A2687BDBF28EC8E074 /* Pods-TOEX.release.xcconfig */,
			);
			name = Pods;
			sourceTree = "<group>";
		};
/* End PBXGroup section */

/* Begin PBXNativeTarget section */
		98A7DFEF20E5404A00DA691A /* TOEX */ = {
			isa = PBXNativeTarget;
			buildConfigurationList = 98A7E00220E5404B00DA691A /* Build configuration list for PBXNativeTarget "TOEX" */;
			buildPhases = (
				FC2E76E3CAB1ED841CDC5C85 /* [CP] Check Pods Manifest.lock */,
				98A7DFEC20E5404A00DA691A /* Sources */,
				98A7DFED20E5404A00DA691A /* Frameworks */,
				98A7DFEE20E5404A00DA691A /* Resources */,
			);
			buildRules = (
			);
			dependencies = (
			);
			name = TOEX;
			productName = TOEX;
			productReference = 98A7DFF020E5404A00DA691A /* TOEX.app */;
			productType = "com.apple.product-type.application";
		};
/* End PBXNativeTarget section */

/* Begin PBXProject section */
		98A7DFE820E5404A00DA691A /* Project object */ = {
			isa = PBXProject;
			attributes = {
				LastSwiftUpdateCheck = 0940;
				LastUpgradeCheck = 0940;
				ORGANIZATIONNAME = "TaeGeun Moon";
				TargetAttributes = {
					98A7DFEF20E5404A00DA691A = {
						CreatedOnToolsVersion = 9.4.1;
					};
				};
			};
			buildConfigurationList = 98A7DFEB20E5404A00DA691A /* Build configuration list for PBXProject "TOEX" */;
			compatibilityVersion = "Xcode 9.3";
			developmentRegion = en;
			hasScannedForEncodings = 0;
			knownRegions = (
				en,
				Base,
			);
			mainGroup = 98A7DFE720E5404A00DA691A;
			productRefGroup = 98A7DFF120E5404A00DA691A /* Products */;
			projectDirPath = "";
			projectRoot = "";
			targets = (
				98A7DFEF20E5404A00DA691A /* TOEX */,
			);
		};
/* End PBXProject section */

/* Begin PBXResourcesBuildPhase section */
		98A7DFEE20E5404A00DA691A /* Resources */ = {
			isa = PBXResourcesBuildPhase;
			buildActionMask = 2147483647;
			files = (
				98A7DFFE20E5404B00DA691A /* LaunchScreen.storyboard in Resources */,
				98A7DFFB20E5404B00DA691A /* Assets.xcassets in Resources */,
				98A7DFF920E5404A00DA691A /* Main.storyboard in Resources */,
			);
			runOnlyForDeploymentPostprocessing = 0;
		};
/* End PBXResourcesBuildPhase section */

/* Begin PBXShellScriptBuildPhase section */
		FC2E76E3CAB1ED841CDC5C85 /* [CP] Check Pods Manifest.lock */ = {
			isa = PBXShellScriptBuildPhase;
			buildActionMask = 2147483647;
			files = (
			);
			inputPaths = (
				"${PODS_PODFILE_DIR_PATH}/Podfile.lock",
				"${PODS_ROOT}/Manifest.lock",
			);
			name = "[CP] Check Pods Manifest.lock";
			outputPaths = (
				"$(DERIVED_FILE_DIR)/Pods-TOEX-checkManifestLockResult.txt",
			);
			runOnlyForDeploymentPostprocessing = 0;
			shellPath = /bin/sh;
			shellScript = "diff \"${PODS_PODFILE_DIR_PATH}/Podfile.lock\" \"${PODS_ROOT}/Manifest.lock\" > /dev/null\nif [ $? != 0 ] ; then\n    # print error to STDERR\n    echo \"error: The sandbox is not in sync with the Podfile.lock. Run 'pod install' or update your CocoaPods installation.\" >&2\n    exit 1\nfi\n# This output is used by Xcode 'outputs' to avoid re-running this script phase.\necho \"SUCCESS\" > \"${SCRIPT_OUTPUT_FILE_0}\"\n";
			showEnvVarsInLog = 0;
		};
/* End PBXShellScriptBuildPhase section */

/* Begin PBXSourcesBuildPhase section */
		98A7DFEC20E5404A00DA691A /* Sources */ = {
			isa = PBXSourcesBuildPhase;
			buildActionMask = 2147483647;
			files = (
				98A7DFF620E5404A00DA691A /* ViewController.swift in Sources */,
				98A7DFF420E5404A00DA691A /* AppDelegate.swift in Sources */,
			);
			runOnlyForDeploymentPostprocessing = 0;
		};
/* End PBXSourcesBuildPhase section */

/* Begin PBXVariantGroup section */
		98A7DFF720E5404A00DA691A /* Main.storyboard */ = {
			isa = PBXVariantGroup;
			children = (
				98A7DFF820E5404A00DA691A /* Base */,
			);
			name = Main.storyboard;
			sourceTree = "<group>";
		};
		98A7DFFC20E5404B00DA691A /* LaunchScreen.storyboard */ = {
			isa = PBXVariantGroup;
			children = (
				98A7DFFD20E5404B00DA691A /* Base */,
			);
			name = LaunchScreen.storyboard;
			sourceTree = "<group>";
		};
/* End PBXVariantGroup section */

/* Begin XCBuildConfiguration section */
		98A7E00020E5404B00DA691A /* Debug */ = {
			isa = XCBuildConfiguration;
			buildSettings = {
				ALWAYS_SEARCH_USER_PATHS = NO;
				CLANG_ANALYZER_NONNULL = YES;
				CLANG_ANALYZER_NUMBER_OBJECT_CONVERSION = YES_AGGRESSIVE;
				CLANG_CXX_LANGUAGE_STANDARD = "gnu++14";
				CLANG_CXX_LIBRARY = "libc++";
				CLANG_ENABLE_MODULES = YES;
				CLANG_ENABLE_OBJC_ARC = YES;
				CLANG_ENABLE_OBJC_WEAK = YES;
				CLANG_WARN_BLOCK_CAPTURE_AUTORELEASING = YES;
				CLANG_WARN_BOOL_CONVERSION = YES;
				CLANG_WARN_COMMA = YES;
				CLANG_WARN_CONSTANT_CONVERSION = YES;
				CLANG_WARN_DEPRECATED_OBJC_IMPLEMENTATIONS = YES;
				CLANG_WARN_DIRECT_OBJC_ISA_USAGE = YES_ERROR;
				CLANG_WARN_DOCUMENTATION_COMMENTS = YES;
				CLANG_WARN_EMPTY_BODY = YES;
				CLANG_WARN_ENUM_CONVERSION = YES;
				CLANG_WARN_INFINITE_RECURSION = YES;
				CLANG_WARN_INT_CONVERSION = YES;
				CLANG_WARN_NON_LITERAL_NULL_CONVERSION = YES;
				CLANG_WARN_OBJC_IMPLICIT_RETAIN_SELF = YES;
				CLANG_WARN_OBJC_LITERAL_CONVERSION = YES;
				CLANG_WARN_OBJC_ROOT_CLASS = YES_ERROR;
				CLANG_WARN_RANGE_LOOP_ANALYSIS = YES;
				CLANG_WARN_STRICT_PROTOTYPES = YES;
				CLANG_WARN_SUSPICIOUS_MOVE = YES;
				CLANG_WARN_UNGUARDED_AVAILABILITY = YES_AGGRESSIVE;
				CLANG_WARN_UNREACHABLE_CODE = YES;
				CLANG_WARN__DUPLICATE_METHOD_MATCH = YES;
				CODE_SIGN_IDENTITY = "iPhone Developer";
				COPY_PHASE_STRIP = NO;
				DEBUG_INFORMATION_FORMAT = dwarf;
				ENABLE_STRICT_OBJC_MSGSEND = YES;
				ENABLE_TESTABILITY = YES;
				GCC_C_LANGUAGE_STANDARD = gnu11;
				GCC_DYNAMIC_NO_PIC = NO;
				GCC_NO_COMMON_BLOCKS = YES;
				GCC_OPTIMIZATION_LEVEL = 0;
				GCC_PREPROCESSOR_DEFINITIONS = (
					"DEBUG=1",
					"$(inherited)",
				);
				GCC_WARN_64_TO_32_BIT_CONVERSION = YES;
				GCC_WARN_ABOUT_RETURN_TYPE = YES_ERROR;
				GCC_WARN_UNDECLARED_SELECTOR = YES;
				GCC_WARN_UNINITIALIZED_AUTOS = YES_AGGRESSIVE;
				GCC_WARN_UNUSED_FUNCTION = YES;
				GCC_WARN_UNUSED_VARIABLE = YES;
				IPHONEOS_DEPLOYMENT_TARGET = 11.4;
				MTL_ENABLE_DEBUG_INFO = YES;
				ONLY_ACTIVE_ARCH = YES;
				SDKROOT = iphoneos;
				SWIFT_ACTIVE_COMPILATION_CONDITIONS = DEBUG;
				SWIFT_OPTIMIZATION_LEVEL = "-Onone";
			};
			name = Debug;
		};
		98A7E00120E5404B00DA691A /* Release */ = {
			isa = XCBuildConfiguration;
			buildSettings = {
				ALWAYS_SEARCH_USER_PATHS = NO;
				CLANG_ANALYZER_NONNULL = YES;
				CLANG_ANALYZER_NUMBER_OBJECT_CONVERSION = YES_AGGRESSIVE;
				CLANG_CXX_LANGUAGE_STANDARD = "gnu++14";
				CLANG_CXX_LIBRARY = "libc++";
				CLANG_ENABLE_MODULES = YES;
				CLANG_ENABLE_OBJC_ARC = YES;
				CLANG_ENABLE_OBJC_WEAK = YES;
				CLANG_WARN_BLOCK_CAPTURE_AUTORELEASING = YES;
				CLANG_WARN_BOOL_CONVERSION = YES;
				CLANG_WARN_COMMA = YES;
				CLANG_WARN_CONSTANT_CONVERSION = YES;
				CLANG_WARN_DEPRECATED_OBJC_IMPLEMENTATIONS = YES;
				CLANG_WARN_DIRECT_OBJC_ISA_USAGE = YES_ERROR;
				CLANG_WARN_DOCUMENTATION_COMMENTS = YES;
				CLANG_WARN_EMPTY_BODY = YES;
				CLANG_WARN_ENUM_CONVERSION = YES;
				CLANG_WARN_INFINITE_RECURSION = YES;
				CLANG_WARN_INT_CONVERSION = YES;
				CLANG_WARN_NON_LITERAL_NULL_CONVERSION = YES;
				CLANG_WARN_OBJC_IMPLICIT_RETAIN_SELF = YES;
				CLANG_WARN_OBJC_LITERAL_CONVERSION = YES;
				CLANG_WARN_OBJC_ROOT_CLASS = YES_ERROR;
				CLANG_WARN_RANGE_LOOP_ANALYSIS = YES;
				CLANG_WARN_STRICT_PROTOTYPES = YES;
				CLANG_WARN_SUSPICIOUS_MOVE = YES;
				CLANG_WARN_UNGUARDED_AVAILABILITY = YES_AGGRESSIVE;
				CLANG_WARN_UNREACHABLE_CODE = YES;
				CLANG_WARN__DUPLICATE_METHOD_MATCH = YES;
				CODE_SIGN_IDENTITY = "iPhone Developer";
				COPY_PHASE_STRIP = NO;
				DEBUG_INFORMATION_FORMAT = "dwarf-with-dsym";
				ENABLE_NS_ASSERTIONS = NO;
				ENABLE_STRICT_OBJC_MSGSEND = YES;
				GCC_C_LANGUAGE_STANDARD = gnu11;
				GCC_NO_COMMON_BLOCKS = YES;
				GCC_WARN_64_TO_32_BIT_CONVERSION = YES;
				GCC_WARN_ABOUT_RETURN_TYPE = YES_ERROR;
				GCC_WARN_UNDECLARED_SELECTOR = YES;
				GCC_WARN_UNINITIALIZED_AUTOS = YES_AGGRESSIVE;
				GCC_WARN_UNUSED_FUNCTION = YES;
				GCC_WARN_UNUSED_VARIABLE = YES;
				IPHONEOS_DEPLOYMENT_TARGET = 11.4;
				MTL_ENABLE_DEBUG_INFO = NO;
				SDKROOT = iphoneos;
				SWIFT_COMPILATION_MODE = wholemodule;
				SWIFT_OPTIMIZATION_LEVEL = "-O";
				VALIDATE_PRODUCT = YES;
			};
			name = Release;
		};
		98A7E00320E5404B00DA691A /* Debug */ = {
			isa = XCBuildConfiguration;
			baseConfigurationReference = 7B273C9F83D9EE95AF665E3D /* Pods-TOEX.debug.xcconfig */;
			buildSettings = {
				ASSETCATALOG_COMPILER_APPICON_NAME = AppIcon;
				CODE_SIGN_STYLE = Automatic;
				DEVELOPMENT_TEAM = BVX3W6SFFS;
				INFOPLIST_FILE = TOEX/Info.plist;
				LD_RUNPATH_SEARCH_PATHS = (
					"$(inherited)",
					"@executable_path/Frameworks",
				);
				PRODUCT_BUNDLE_IDENTIFIER = edu.skku.lunatk.TOEX;
				PRODUCT_NAME = "$(TARGET_NAME)";
				SWIFT_VERSION = 4.0;
				TARGETED_DEVICE_FAMILY = "1,2";
			};
			name = Debug;
		};
		98A7E00420E5404B00DA691A /* Release */ = {
			isa = XCBuildConfiguration;
			baseConfigurationReference = D59FE2A2687BDBF28EC8E074 /* Pods-TOEX.release.xcconfig */;
			buildSettings = {
				ASSETCATALOG_COMPILER_APPICON_NAME = AppIcon;
				CODE_SIGN_STYLE = Automatic;
				DEVELOPMENT_TEAM = BVX3W6SFFS;
				INFOPLIST_FILE = TOEX/Info.plist;
				LD_RUNPATH_SEARCH_PATHS = (
					"$(inherited)",
					"@executable_path/Frameworks",
				);
				PRODUCT_BUNDLE_IDENTIFIER = edu.skku.lunatk.TOEX;
				PRODUCT_NAME = "$(TARGET_NAME)";
				SWIFT_VERSION = 4.0;
				TARGETED_DEVICE_FAMILY = "1,2";
			};
			name = Release;
		};
/* End XCBuildConfiguration section */

/* Begin XCConfigurationList section */
		98A7DFEB20E5404A00DA691A /* Build configuration list for PBXProject "TOEX" */ = {
			isa = XCConfigurationList;
			buildConfigurations = (
				98A7E00020E5404B00DA691A /* Debug */,
				98A7E00120E5404B00DA691A /* Release */,
			);
			defaultConfigurationIsVisible = 0;
			defaultConfigurationName = Release;
		};
		98A7E00220E5404B00DA691A /* Build configuration list for PBXNativeTarget "TOEX" */ = {
			isa = XCConfigurationList;
			buildConfigurations = (
				98A7E00320E5404B00DA691A /* Debug */,
				98A7E00420E5404B00DA691A /* Release */,
			);
			defaultConfigurationIsVisible = 0;
			defaultConfigurationName = Release;
		};
/* End XCConfigurationList section */
	};
	rootObject = 98A7DFE820E5404A00DA691A /* Project object */;
}
